// !$*UTF8*$!
{
	archiveVersion = 1;
	classes = {
	};
	objectVersion = 46;
	objects = {

/* Begin PBXBuildFile section */
		641715C41CA02085007BC3C7 /* PlacePinViewController.swift in Sources */ = {isa = PBXBuildFile; fileRef = 641715C31CA02085007BC3C7 /* PlacePinViewController.swift */; };
		643FF0221C9FB26900B72AE7 /* Student.swift in Sources */ = {isa = PBXBuildFile; fileRef = 643FF0211C9FB26900B72AE7 /* Student.swift */; };
		643FF0241C9FFA8D00B72AE7 /* AddNewPinViewController.swift in Sources */ = {isa = PBXBuildFile; fileRef = 643FF0231C9FFA8D00B72AE7 /* AddNewPinViewController.swift */; };
		644ED42E1C9E624E00EF9297 /* AppDelegate.swift in Sources */ = {isa = PBXBuildFile; fileRef = 644ED42D1C9E624E00EF9297 /* AppDelegate.swift */; };
		644ED4301C9E624E00EF9297 /* MapViewController.swift in Sources */ = {isa = PBXBuildFile; fileRef = 644ED42F1C9E624E00EF9297 /* MapViewController.swift */; };
		644ED4331C9E624E00EF9297 /* Main.storyboard in Resources */ = {isa = PBXBuildFile; fileRef = 644ED4311C9E624E00EF9297 /* Main.storyboard */; };
		644ED4351C9E624E00EF9297 /* Assets.xcassets in Resources */ = {isa = PBXBuildFile; fileRef = 644ED4341C9E624E00EF9297 /* Assets.xcassets */; };
		644ED4381C9E624E00EF9297 /* LaunchScreen.storyboard in Resources */ = {isa = PBXBuildFile; fileRef = 644ED4361C9E624E00EF9297 /* LaunchScreen.storyboard */; };
		644ED4401C9E790100EF9297 /* RequestHandler.swift in Sources */ = {isa = PBXBuildFile; fileRef = 644ED43F1C9E790100EF9297 /* RequestHandler.swift */; };
		644ED4421C9E861900EF9297 /* Constants.swift in Sources */ = {isa = PBXBuildFile; fileRef = 644ED4411C9E861900EF9297 /* Constants.swift */; };
		6457A8FB1C9EAB6A00740606 /* StudentsTableViewController.swift in Sources */ = {isa = PBXBuildFile; fileRef = 6457A8FA1C9EAB6A00740606 /* StudentsTableViewController.swift */; };
		6457A8FF1C9EAE5500740606 /* StudentTableViewCell.swift in Sources */ = {isa = PBXBuildFile; fileRef = 6457A8FE1C9EAE5500740606 /* StudentTableViewCell.swift */; };
		64F88A8B1CA04B2D004C7CC2 /* LoginViewController.swift in Sources */ = {isa = PBXBuildFile; fileRef = 64F88A8A1CA04B2D004C7CC2 /* LoginViewController.swift */; };
/* End PBXBuildFile section */

/* Begin PBXFileReference section */
		641715C31CA02085007BC3C7 /* PlacePinViewController.swift */ = {isa = PBXFileReference; fileEncoding = 4; lastKnownFileType = sourcecode.swift; path = PlacePinViewController.swift; sourceTree = "<group>"; };
		643FF0211C9FB26900B72AE7 /* Student.swift */ = {isa = PBXFileReference; fileEncoding = 4; lastKnownFileType = sourcecode.swift; path = Student.swift; sourceTree = "<group>"; };
		643FF0231C9FFA8D00B72AE7 /* AddNewPinViewController.swift */ = {isa = PBXFileReference; fileEncoding = 4; lastKnownFileType = sourcecode.swift; path = AddNewPinViewController.swift; sourceTree = "<group>"; };
		644ED42A1C9E624E00EF9297 /* ISeeU-App.app */ = {isa = PBXFileReference; explicitFileType = wrapper.application; includeInIndex = 0; path = "ISeeU-App.app"; sourceTree = BUILT_PRODUCTS_DIR; };
		644ED42D1C9E624E00EF9297 /* AppDelegate.swift */ = {isa = PBXFileReference; lastKnownFileType = sourcecode.swift; path = AppDelegate.swift; sourceTree = "<group>"; };
		644ED42F1C9E624E00EF9297 /* MapViewController.swift */ = {isa = PBXFileReference; lastKnownFileType = sourcecode.swift; path = MapViewController.swift; sourceTree = "<group>"; };
		644ED4321C9E624E00EF9297 /* Base */ = {isa = PBXFileReference; lastKnownFileType = file.storyboard; name = Base; path = Base.lproj/Main.storyboard; sourceTree = "<group>"; };
		644ED4341C9E624E00EF9297 /* Assets.xcassets */ = {isa = PBXFileReference; lastKnownFileType = folder.assetcatalog; path = Assets.xcassets; sourceTree = "<group>"; };
		644ED4371C9E624E00EF9297 /* Base */ = {isa = PBXFileReference; lastKnownFileType = file.storyboard; name = Base; path = Base.lproj/LaunchScreen.storyboard; sourceTree = "<group>"; };
		644ED4391C9E624E00EF9297 /* Info.plist */ = {isa = PBXFileReference; lastKnownFileType = text.plist.xml; path = Info.plist; sourceTree = "<group>"; };
		644ED43F1C9E790100EF9297 /* RequestHandler.swift */ = {isa = PBXFileReference; fileEncoding = 4; lastKnownFileType = sourcecode.swift; path = RequestHandler.swift; sourceTree = "<group>"; };
		644ED4411C9E861900EF9297 /* Constants.swift */ = {isa = PBXFileReference; fileEncoding = 4; lastKnownFileType = sourcecode.swift; path = Constants.swift; sourceTree = "<group>"; };
		6457A8FA1C9EAB6A00740606 /* StudentsTableViewController.swift */ = {isa = PBXFileReference; fileEncoding = 4; lastKnownFileType = sourcecode.swift; path = StudentsTableViewController.swift; sourceTree = "<group>"; };
		6457A8FE1C9EAE5500740606 /* StudentTableViewCell.swift */ = {isa = PBXFileReference; fileEncoding = 4; lastKnownFileType = sourcecode.swift; path = StudentTableViewCell.swift; sourceTree = "<group>"; };
		64F88A8A1CA04B2D004C7CC2 /* LoginViewController.swift */ = {isa = PBXFileReference; fileEncoding = 4; lastKnownFileType = sourcecode.swift; path = LoginViewController.swift; sourceTree = "<group>"; };
/* End PBXFileReference section */

/* Begin PBXFrameworksBuildPhase section */
		644ED4271C9E624E00EF9297 /* Frameworks */ = {
			isa = PBXFrameworksBuildPhase;
			buildActionMask = 2147483647;
			files = (
			);
			runOnlyForDeploymentPostprocessing = 0;
		};
/* End PBXFrameworksBuildPhase section */

/* Begin PBXGroup section */
		644ED4211C9E624E00EF9297 = {
			isa = PBXGroup;
			children = (
				644ED42C1C9E624E00EF9297 /* ISeeU-App */,
				644ED42B1C9E624E00EF9297 /* Products */,
			);
			sourceTree = "<group>";
		};
		644ED42B1C9E624E00EF9297 /* Products */ = {
			isa = PBXGroup;
			children = (
				644ED42A1C9E624E00EF9297 /* ISeeU-App.app */,
			);
			name = Products;
			sourceTree = "<group>";
		};
		644ED42C1C9E624E00EF9297 /* ISeeU-App */ = {
			isa = PBXGroup;
			children = (
				64558E2C1CA2D6BB00928E44 /* Support files */,
				64558E291CA2D67E00928E44 /* Controller */,
				64558E2A1CA2D69A00928E44 /* Model */,
				64558E2B1CA2D6AC00928E44 /* View */,
			);
			path = "ISeeU-App";
			sourceTree = "<group>";
		};
		64558E291CA2D67E00928E44 /* Controller */ = {
			isa = PBXGroup;
			children = (
				644ED42F1C9E624E00EF9297 /* MapViewController.swift */,
				64F88A8A1CA04B2D004C7CC2 /* LoginViewController.swift */,
				6457A8FA1C9EAB6A00740606 /* StudentsTableViewController.swift */,
				643FF0231C9FFA8D00B72AE7 /* AddNewPinViewController.swift */,
				641715C31CA02085007BC3C7 /* PlacePinViewController.swift */,
			);
			name = Controller;
			sourceTree = "<group>";
		};
		64558E2A1CA2D69A00928E44 /* Model */ = {
			isa = PBXGroup;
			children = (
				644ED4411C9E861900EF9297 /* Constants.swift */,
				644ED43F1C9E790100EF9297 /* RequestHandler.swift */,
				643FF0211C9FB26900B72AE7 /* Student.swift */,
			);
			name = Model;
			sourceTree = "<group>";
		};
		64558E2B1CA2D6AC00928E44 /* View */ = {
			isa = PBXGroup;
			children = (
				6457A8FE1C9EAE5500740606 /* StudentTableViewCell.swift */,
				644ED4311C9E624E00EF9297 /* Main.storyboard */,
				644ED4361C9E624E00EF9297 /* LaunchScreen.storyboard */,
			);
			name = View;
			sourceTree = "<group>";
		};
		64558E2C1CA2D6BB00928E44 /* Support files */ = {
			isa = PBXGroup;
			children = (
				644ED42D1C9E624E00EF9297 /* AppDelegate.swift */,
				644ED4341C9E624E00EF9297 /* Assets.xcassets */,
				644ED4391C9E624E00EF9297 /* Info.plist */,
			);
			name = "Support files";
			sourceTree = "<group>";
		};
/* End PBXGroup section */

/* Begin PBXNativeTarget section */
		644ED4291C9E624E00EF9297 /* ISeeU-App */ = {
			isa = PBXNativeTarget;
			buildConfigurationList = 644ED43C1C9E624E00EF9297 /* Build configuration list for PBXNativeTarget "ISeeU-App" */;
			buildPhases = (
				644ED4261C9E624E00EF9297 /* Sources */,
				644ED4271C9E624E00EF9297 /* Frameworks */,
				644ED4281C9E624E00EF9297 /* Resources */,
			);
			buildRules = (
			);
			dependencies = (
			);
			name = "ISeeU-App";
			productName = "ISeeU-App";
			productReference = 644ED42A1C9E624E00EF9297 /* ISeeU-App.app */;
			productType = "com.apple.product-type.application";
		};
/* End PBXNativeTarget section */

/* Begin PBXProject section */
		644ED4221C9E624E00EF9297 /* Project object */ = {
			isa = PBXProject;
			attributes = {
				LastSwiftUpdateCheck = 0710;
				LastUpgradeCheck = 0710;
				ORGANIZATIONNAME = AuroraInterplay;
				TargetAttributes = {
					644ED4291C9E624E00EF9297 = {
						CreatedOnToolsVersion = 7.1;
					};
				};
			};
			buildConfigurationList = 644ED4251C9E624E00EF9297 /* Build configuration list for PBXProject "ISeeU-App" */;
			compatibilityVersion = "Xcode 3.2";
			developmentRegion = English;
			hasScannedForEncodings = 0;
			knownRegions = (
				en,
				Base,
			);
			mainGroup = 644ED4211C9E624E00EF9297;
			productRefGroup = 644ED42B1C9E624E00EF9297 /* Products */;
			projectDirPath = "";
			projectRoot = "";
			targets = (
				644ED4291C9E624E00EF9297 /* ISeeU-App */,
			);
		};
/* End PBXProject section */

/* Begin PBXResourcesBuildPhase section */
		644ED4281C9E624E00EF9297 /* Resources */ = {
			isa = PBXResourcesBuildPhase;
			buildActionMask = 2147483647;
			files = (
				644ED4381C9E624E00EF9297 /* LaunchScreen.storyboard in Resources */,
				644ED4351C9E624E00EF9297 /* Assets.xcassets in Resources */,
				644ED4331C9E624E00EF9297 /* Main.storyboard in Resources */,
			);
			runOnlyForDeploymentPostprocessing = 0;
		};
/* End PBXResourcesBuildPhase section */

/* Begin PBXSourcesBuildPhase section */
		644ED4261C9E624E00EF9297 /* Sources */ = {
			isa = PBXSourcesBuildPhase;
			buildActionMask = 2147483647;
			files = (
				644ED4301C9E624E00EF9297 /* MapViewController.swift in Sources */,
				643FF0241C9FFA8D00B72AE7 /* AddNewPinViewController.swift in Sources */,
				644ED42E1C9E624E00EF9297 /* AppDelegate.swift in Sources */,
				644ED4401C9E790100EF9297 /* RequestHandler.swift in Sources */,
				6457A8FB1C9EAB6A00740606 /* StudentsTableViewController.swift in Sources */,
				644ED4421C9E861900EF9297 /* Constants.swift in Sources */,
				641715C41CA02085007BC3C7 /* PlacePinViewController.swift in Sources */,
				643FF0221C9FB26900B72AE7 /* Student.swift in Sources */,
				64F88A8B1CA04B2D004C7CC2 /* LoginViewController.swift in Sources */,
				6457A8FF1C9EAE5500740606 /* StudentTableViewCell.swift in Sources */,
			);
			runOnlyForDeploymentPostprocessing = 0;
		};
/* End PBXSourcesBuildPhase section */

/* Begin PBXVariantGroup section */
		644ED4311C9E624E00EF9297 /* Main.storyboard */ = {
			isa = PBXVariantGroup;
			children = (
				644ED4321C9E624E00EF9297 /* Base */,
			);
			name = Main.storyboard;
			sourceTree = "<group>";
		};
		644ED4361C9E624E00EF9297 /* LaunchScreen.storyboard */ = {
			isa = PBXVariantGroup;
			children = (
				644ED4371C9E624E00EF9297 /* Base */,
			);
			name = LaunchScreen.storyboard;
			sourceTree = "<group>";
		};
/* End PBXVariantGroup section */

/* Begin XCBuildConfiguration section */
		644ED43A1C9E624E00EF9297 /* Debug */ = {
			isa = XCBuildConfiguration;
			buildSettings = {
				ALWAYS_SEARCH_USER_PATHS = NO;
				CLANG_CXX_LANGUAGE_STANDARD = "gnu++0x";
				CLANG_CXX_LIBRARY = "libc++";
				CLANG_ENABLE_MODULES = YES;
				CLANG_ENABLE_OBJC_ARC = YES;
				CLANG_WARN_BOOL_CONVERSION = YES;
				CLANG_WARN_CONSTANT_CONVERSION = YES;
				CLANG_WARN_DIRECT_OBJC_ISA_USAGE = YES_ERROR;
				CLANG_WARN_EMPTY_BODY = YES;
				CLANG_WARN_ENUM_CONVERSION = YES;
				CLANG_WARN_INT_CONVERSION = YES;
				CLANG_WARN_OBJC_ROOT_CLASS = YES_ERROR;
				CLANG_WARN_UNREACHABLE_CODE = YES;
				CLANG_WARN__DUPLICATE_METHOD_MATCH = YES;
				"CODE_SIGN_IDENTITY[sdk=iphoneos*]" = "iPhone Developer";
				COPY_PHASE_STRIP = NO;
				DEBUG_INFORMATION_FORMAT = dwarf;
				ENABLE_STRICT_OBJC_MSGSEND = YES;
				ENABLE_TESTABILITY = YES;
				GCC_C_LANGUAGE_STANDARD = gnu99;
				GCC_DYNAMIC_NO_PIC = NO;
				GCC_NO_COMMON_BLOCKS = YES;
				GCC_OPTIMIZATION_LEVEL = 0;
				GCC_PREPROCESSOR_DEFINITIONS = (
					"DEBUG=1",
					"$(inherited)",
				);
				GCC_WARN_64_TO_32_BIT_CONVERSION = YES;
				GCC_WARN_ABOUT_RETURN_TYPE = YES_ERROR;
				GCC_WARN_UNDECLARED_SELECTOR = YES;
				GCC_WARN_UNINITIALIZED_AUTOS = YES_AGGRESSIVE;
				GCC_WARN_UNUSED_FUNCTION = YES;
				GCC_WARN_UNUSED_VARIABLE = YES;
				IPHONEOS_DEPLOYMENT_TARGET = 9.1;
				MTL_ENABLE_DEBUG_INFO = YES;
				ONLY_ACTIVE_ARCH = YES;
				SDKROOT = iphoneos;
				SWIFT_OPTIMIZATION_LEVEL = "-Onone";
			};
			name = Debug;
		};
		644ED43B1C9E624E00EF9297 /* Release */ = {
			isa = XCBuildConfiguration;
			buildSettings = {
				ALWAYS_SEARCH_USER_PATHS = NO;
				CLANG_CXX_LANGUAGE_STANDARD = "gnu++0x";
				CLANG_CXX_LIBRARY = "libc++";
				CLANG_ENABLE_MODULES = YES;
				CLANG_ENABLE_OBJC_ARC = YES;
				CLANG_WARN_BOOL_CONVERSION = YES;
				CLANG_WARN_CONSTANT_CONVERSION = YES;
				CLANG_WARN_DIRECT_OBJC_ISA_USAGE = YES_ERROR;
				CLANG_WARN_EMPTY_BODY = YES;
				CLANG_WARN_ENUM_CONVERSION = YES;
				CLANG_WARN_INT_CONVERSION = YES;
				CLANG_WARN_OBJC_ROOT_CLASS = YES_ERROR;
				CLANG_WARN_UNREACHABLE_CODE = YES;
				CLANG_WARN__DUPLICATE_METHOD_MATCH = YES;
				"CODE_SIGN_IDENTITY[sdk=iphoneos*]" = "iPhone Developer";
				COPY_PHASE_STRIP = NO;
				DEBUG_INFORMATION_FORMAT = "dwarf-with-dsym";
				ENABLE_NS_ASSERTIONS = NO;
				ENABLE_STRICT_OBJC_MSGSEND = YES;
				GCC_C_LANGUAGE_STANDARD = gnu99;
				GCC_NO_COMMON_BLOCKS = YES;
				GCC_WARN_64_TO_32_BIT_CONVERSION = YES;
				GCC_WARN_ABOUT_RETURN_TYPE = YES_ERROR;
				GCC_WARN_UNDECLARED_SELECTOR = YES;
				GCC_WARN_UNINITIALIZED_AUTOS = YES_AGGRESSIVE;
				GCC_WARN_UNUSED_FUNCTION = YES;
				GCC_WARN_UNUSED_VARIABLE = YES;
				IPHONEOS_DEPLOYMENT_TARGET = 9.1;
				MTL_ENABLE_DEBUG_INFO = NO;
				SDKROOT = iphoneos;
				VALIDATE_PRODUCT = YES;
			};
			name = Release;
		};
		644ED43D1C9E624E00EF9297 /* Debug */ = {
			isa = XCBuildConfiguration;
			buildSettings = {
				ASSETCATALOG_COMPILER_APPICON_NAME = AppIcon;
				INFOPLIST_FILE = "ISeeU-App/Info.plist";
				LD_RUNPATH_SEARCH_PATHS = "$(inherited) @executable_path/Frameworks";
				PRODUCT_BUNDLE_IDENTIFIER = "AM.ISeeU-App";
				PRODUCT_NAME = "$(TARGET_NAME)";
			};
			name = Debug;
		};
		644ED43E1C9E624E00EF9297 /* Release */ = {
			isa = XCBuildConfiguration;
			buildSettings = {
				ASSETCATALOG_COMPILER_APPICON_NAME = AppIcon;
				INFOPLIST_FILE = "ISeeU-App/Info.plist";
				LD_RUNPATH_SEARCH_PATHS = "$(inherited) @executable_path/Frameworks";
				PRODUCT_BUNDLE_IDENTIFIER = "AM.ISeeU-App";
				PRODUCT_NAME = "$(TARGET_NAME)";
			};
			name = Release;
		};
/* End XCBuildConfiguration section */

/* Begin XCConfigurationList section */
		644ED4251C9E624E00EF9297 /* Build configuration list for PBXProject "ISeeU-App" */ = {
			isa = XCConfigurationList;
			buildConfigurations = (
				644ED43A1C9E624E00EF9297 /* Debug */,
				644ED43B1C9E624E00EF9297 /* Release */,
			);
			defaultConfigurationIsVisible = 0;
			defaultConfigurationName = Release;
		};
		644ED43C1C9E624E00EF9297 /* Build configuration list for PBXNativeTarget "ISeeU-App" */ = {
			isa = XCConfigurationList;
			buildConfigurations = (
				644ED43D1C9E624E00EF9297 /* Debug */,
				644ED43E1C9E624E00EF9297 /* Release */,
			);
			defaultConfigurationIsVisible = 0;
			defaultConfigurationName = Release;
		};
/* End XCConfigurationList section */
	};
	rootObject = 644ED4221C9E624E00EF9297 /* Project object */;
}
